// !$*UTF8*$!
{
	archiveVersion = 1;
	classes = {
	};
	objectVersion = 77;
	objects = {

/* Begin PBXContainerItemProxy section */
		4EBA08992F77BBB600DD79E9 /* PBXContainerItemProxy */ = {
			isa = PBXContainerItemProxy;
			containerPortal = 4EBA087A2F77BBB200DD79E9 /* Project object */;
			proxyType = 1;
			remoteGlobalIDString = 4EBA08812F77BBB200DD79E9;
			remoteInfo = "火柴游戏";
		};
		4EBA08A32F77BBB600DD79E9 /* PBXContainerItemProxy */ = {
			isa = PBXContainerItemProxy;
			containerPortal = 4EBA087A2F77BBB200DD79E9 /* Project object */;
			proxyType = 1;
			remoteGlobalIDString = 4EBA08812F77BBB200DD79E9;
			remoteInfo = "火柴游戏";
		};
/* End PBXContainerItemProxy section */

/* Begin PBXFileReference section */
		4EBA08822F77BBB200DD79E9 /* 火柴游戏.app */ = {isa = PBXFileReference; explicitFileType = wrapper.application; includeInIndex = 0; path = "火柴游戏.app"; sourceTree = BUILT_PRODUCTS_DIR; };
		4EBA08982F77BBB600DD79E9 /* 火柴游戏Tests.xctest */ = {isa = PBXFileReference; explicitFileType = wrapper.cfbundle; includeInIndex = 0; path = "火柴游戏Tests.xctest"; sourceTree = BUILT_PRODUCTS_DIR; };
		4EBA08A22F77BBB600DD79E9 /* 火柴游戏UITests.xctest */ = {isa = PBXFileReference; explicitFileType = wrapper.cfbundle; includeInIndex = 0; path = "火柴游戏UITests.xctest"; sourceTree = BUILT_PRODUCTS_DIR; };
/* End PBXFileReference section */

/* Begin PBXFileSystemSynchronizedBuildFileExceptionSet section */
		4EBA08AA2F77BBB600DD79E9 /* Exceptions for "火柴游戏" folder in "火柴游戏" target */ = {
			isa = PBXFileSystemSynchronizedBuildFileExceptionSet;
			membershipExceptions = (
				Info.plist,
			);
			target = 4EBA08812F77BBB200DD79E9 /* 火柴游戏 */;
		};
/* End PBXFileSystemSynchronizedBuildFileExceptionSet section */

/* Begin PBXFileSystemSynchronizedRootGroup section */
		4EBA08842F77BBB200DD79E9 /* 火柴游戏 */ = {
			isa = PBXFileSystemSynchronizedRootGroup;
			exceptions = (
				4EBA08AA2F77BBB600DD79E9 /* Exceptions for "火柴游戏" folder in "火柴游戏" target */,
			);
			path = "火柴游戏";
			sourceTree = "<group>";
		};
		4EBA089B2F77BBB600DD79E9 /* 火柴游戏Tests */ = {
			isa = PBXFileSystemSynchronizedRootGroup;
			path = "火柴游戏Tests";
			sourceTree = "<group>";
		};
		4EBA08A52F77BBB600DD79E9 /* 火柴游戏UITests */ = {
			isa = PBXFileSystemSynchronizedRootGroup;
			path = "火柴游戏UITests";
			sourceTree = "<group>";
		};
/* End PBXFileSystemSynchronizedRootGroup section */

/* Begin PBXFrameworksBuildPhase section */
		4EBA087F2F77BBB200DD79E9 /* Frameworks */ = {
			isa = PBXFrameworksBuildPhase;
			buildActionMask = 2147483647;
			files = (
			);
			runOnlyForDeploymentPostprocessing = 0;
		};
		4EBA08952F77BBB600DD79E9 /* Frameworks */ = {
			isa = PBXFrameworksBuildPhase;
			buildActionMask = 2147483647;
			files = (
			);
			runOnlyForDeploymentPostprocessing = 0;
		};
		4EBA089F2F77BBB600DD79E9 /* Frameworks */ = {
			isa = PBXFrameworksBuildPhase;
			buildActionMask = 2147483647;
			files = (
			);
			runOnlyForDeploymentPostprocessing = 0;
		};
/* End PBXFrameworksBuildPhase section */

/* Begin PBXGroup section */
		4EBA08792F77BBB200DD79E9 = {
			isa = PBXGroup;
			children = (
				4EBA08842F77BBB200DD79E9 /* 火柴游戏 */,
				4EBA089B2F77BBB600DD79E9 /* 火柴游戏Tests */,
				4EBA08A52F77BBB600DD79E9 /* 火柴游戏UITests */,
				4EBA08832F77BBB200DD79E9 /* Products */,
			);
			sourceTree = "<group>";
		};
		4EBA08832F77BBB200DD79E9 /* Products */ = {
			isa = PBXGroup;
			children = (
				4EBA08822F77BBB200DD79E9 /* 火柴游戏.app */,
				4EBA08982F77BBB600DD79E9 /* 火柴游戏Tests.xctest */,
				4EBA08A22F77BBB600DD79E9 /* 火柴游戏UITests.xctest */,
			);
			name = Products;
			sourceTree = "<group>";
		};
/* End PBXGroup section */

/* Begin PBXNativeTarget section */
		4EBA08812F77BBB200DD79E9 /* 火柴游戏 */ = {
			isa = PBXNativeTarget;
			buildConfigurationList = 4EBA08AB2F77BBB600DD79E9 /* Build configuration list for PBXNativeTarget "火柴游戏" */;
			buildPhases = (
				4EBA087E2F77BBB200DD79E9 /* Sources */,
				4EBA087F2F77BBB200DD79E9 /* Frameworks */,
				4EBA08802F77BBB200DD79E9 /* Resources */,
			);
			buildRules = (
			);
			dependencies = (
			);
			fileSystemSynchronizedGroups = (
				4EBA08842F77BBB200DD79E9 /* 火柴游戏 */,
			);
			name = "火柴游戏";
			packageProductDependencies = (
			);
			productName = "火柴游戏";
			productReference = 4EBA08822F77BBB200DD79E9 /* 火柴游戏.app */;
			productType = "com.apple.product-type.application";
		};
		4EBA08972F77BBB600DD79E9 /* 火柴游戏Tests */ = {
			isa = PBXNativeTarget;
			buildConfigurationList = 4EBA08B02F77BBB600DD79E9 /* Build configuration list for PBXNativeTarget "火柴游戏Tests" */;
			buildPhases = (
				4EBA08942F77BBB600DD79E9 /* Sources */,
				4EBA08952F77BBB600DD79E9 /* Frameworks */,
				4EBA08962F77BBB600DD79E9 /* Resources */,
			);
			buildRules = (
			);
			dependencies = (
				4EBA089A2F77BBB600DD79E9 /* PBXTargetDependency */,
			);
			fileSystemSynchronizedGroups = (
				4EBA089B2F77BBB600DD79E9 /* 火柴游戏Tests */,
			);
			name = "火柴游戏Tests";
			packageProductDependencies = (
			);
			productName = "火柴游戏Tests";
			productReference = 4EBA08982F77BBB600DD79E9 /* 火柴游戏Tests.xctest */;
			productType = "com.apple.product-type.bundle.unit-test";
		};
		4EBA08A12F77BBB600DD79E9 /* 火柴游戏UITests */ = {
			isa = PBXNativeTarget;
			buildConfigurationList = 4EBA08B32F77BBB600DD79E9 /* Build configuration list for PBXNativeTarget "火柴游戏UITests" */;
			buildPhases = (
				4EBA089E2F77BBB600DD79E9 /* Sources */,
				4EBA089F2F77BBB600DD79E9 /* Frameworks */,
				4EBA08A02F77BBB600DD79E9 /* Resources */,
			);
			buildRules = (
			);
			dependencies = (
				4EBA08A42F77BBB600DD79E9 /* PBXTargetDependency */,
			);
			fileSystemSynchronizedGroups = (
				4EBA08A52F77BBB600DD79E9 /* 火柴游戏UITests */,
			);
			name = "火柴游戏UITests";
			packageProductDependencies = (
			);
			productName = "火柴游戏UITests";
			productReference = 4EBA08A22F77BBB600DD79E9 /* 火柴游戏UITests.xctest */;
			productType = "com.apple.product-type.bundle.ui-testing";
		};
/* End PBXNativeTarget section */

/* Begin PBXProject section */
		4EBA087A2F77BBB200DD79E9 /* Project object */ = {
			isa = PBXProject;
			attributes = {
				BuildIndependentTargetsInParallel = 1;
				LastSwiftUpdateCheck = 2630;
				LastUpgradeCheck = 2630;
				TargetAttributes = {
					4EBA08812F77BBB200DD79E9 = {
						CreatedOnToolsVersion = 26.3;
					};
					4EBA08972F77BBB600DD79E9 = {
						CreatedOnToolsVersion = 26.3;
						TestTargetID = 4EBA08812F77BBB200DD79E9;
					};
					4EBA08A12F77BBB600DD79E9 = {
						CreatedOnToolsVersion = 26.3;
						TestTargetID = 4EBA08812F77BBB200DD79E9;
					};
				};
			};
			buildConfigurationList = 4EBA087D2F77BBB200DD79E9 /* Build configuration list for PBXProject "火柴游戏" */;
			developmentRegion = en;
			hasScannedForEncodings = 0;
			knownRegions = (
				en,
				Base,
			);
			mainGroup = 4EBA08792F77BBB200DD79E9;
			minimizedProjectReferenceProxies = 1;
			preferredProjectObjectVersion = 77;
			productRefGroup = 4EBA08832F77BBB200DD79E9 /* Products */;
			projectDirPath = "";
			projectRoot = "";
			targets = (
				4EBA08812F77BBB200DD79E9 /* 火柴游戏 */,
				4EBA08972F77BBB600DD79E9 /* 火柴游戏Tests */,
				4EBA08A12F77BBB600DD79E9 /* 火柴游戏UITests */,
			);
		};
/* End PBXProject section */

/* Begin PBXResourcesBuildPhase section */
		4EBA08802F77BBB200DD79E9 /* Resources */ = {
			isa = PBXResourcesBuildPhase;
			buildActionMask = 2147483647;
			files = (
			);
			runOnlyForDeploymentPostprocessing = 0;
		};
		4EBA08962F77BBB600DD79E9 /* Resources */ = {
			isa = PBXResourcesBuildPhase;
			buildActionMask = 2147483647;
			files = (
			);
			runOnlyForDeploymentPostprocessing = 0;
		};
		4EBA08A02F77BBB600DD79E9 /* Resources */ = {
			isa = PBXResourcesBuildPhase;
			buildActionMask = 2147483647;
			files = (
			);
			runOnlyForDeploymentPostprocessing = 0;
		};
/* End PBXResourcesBuildPhase section */

/* Begin PBXSourcesBuildPhase section */
		4EBA087E2F77BBB200DD79E9 /* Sources */ = {
			isa = PBXSourcesBuildPhase;
			buildActionMask = 2147483647;
			files = (
			);
			runOnlyForDeploymentPostprocessing = 0;
		};
		4EBA08942F77BBB600DD79E9 /* Sources */ = {
			isa = PBXSourcesBuildPhase;
			buildActionMask = 2147483647;
			files = (
			);
			runOnlyForDeploymentPostprocessing = 0;
		};
		4EBA089E2F77BBB600DD79E9 /* Sources */ = {
			isa = PBXSourcesBuildPhase;
			buildActionMask = 2147483647;
			files = (
			);
			runOnlyForDeploymentPostprocessing = 0;
		};
/* End PBXSourcesBuildPhase section */

/* Begin PBXTargetDependency section */
		4EBA089A2F77BBB600DD79E9 /* PBXTargetDependency */ = {
			isa = PBXTargetDependency;
			target = 4EBA08812F77BBB200DD79E9 /* 火柴游戏 */;
			targetProxy = 4EBA08992F77BBB600DD79E9 /* PBXContainerItemProxy */;
		};
		4EBA08A42F77BBB600DD79E9 /* PBXTargetDependency */ = {
			isa = PBXTargetDependency;
			target = 4EBA08812F77BBB200DD79E9 /* 火柴游戏 */;
			targetProxy = 4EBA08A32F77BBB600DD79E9 /* PBXContainerItemProxy */;
		};
/* End PBXTargetDependency section */

/* Begin XCBuildConfiguration section */
		4EBA08AC2F77BBB600DD79E9 /* Debug */ = {
			isa = XCBuildConfiguration;
			buildSettings = {
				ASSETCATALOG_COMPILER_APPICON_NAME = AppIcon;
				ASSETCATALOG_COMPILER_GLOBAL_ACCENT_COLOR_NAME = AccentColor;
				CODE_SIGN_STYLE = Automatic;
				CURRENT_PROJECT_VERSION = 1;
				DEVELOPMENT_TEAM = 6X89GQD8QJ;
				GENERATE_INFOPLIST_FILE = YES;
				INFOPLIST_FILE = "火柴游戏/Info.plist";
				INFOPLIST_KEY_UIApplicationSupportsIndirectInputEvents = YES;
				INFOPLIST_KEY_UILaunchStoryboardName = LaunchScreen;
				INFOPLIST_KEY_UIMainStoryboardFile = Main;
				INFOPLIST_KEY_UISupportedInterfaceOrientations_iPad = "UIInterfaceOrientationPortrait UIInterfaceOrientationPortraitUpsideDown UIInterfaceOrientationLandscapeLeft UIInterfaceOrientationLandscapeRight";
				INFOPLIST_KEY_UISupportedInterfaceOrientations_iPhone = "UIInterfaceOrientationPortrait UIInterfaceOrientationLandscapeLeft UIInterfaceOrientationLandscapeRight";
				LD_RUNPATH_SEARCH_PATHS = (
					"$(inherited)",
					"@executable_path/Frameworks",
				);
				MARKETING_VERSION = 1.0;
				PRODUCT_BUNDLE_IDENTIFIER = com.lg.huochai8;
				PRODUCT_NAME = "$(TARGET_NAME)";
				STRING_CATALOG_GENERATE_SYMBOLS = YES;
				SWIFT_APPROACHABLE_CONCURRENCY = YES;
				SWIFT_DEFAULT_ACTOR_ISOLATION = MainActor;
				SWIFT_EMIT_LOC_STRINGS = YES;
				SWIFT_UPCOMING_FEATURE_MEMBER_IMPORT_VISIBILITY = YES;
				SWIFT_VERSION = 5.0;
				TARGETED_DEVICE_FAMILY = "1,2";
			};
			name = Debug;
		};
		4EBA08AD2F77BBB600DD79E9 /* Release */ = {
			isa = XCBuildConfiguration;
			buildSettings = {
				ASSETCATALOG_COMPILER_APPICON_NAME = AppIcon;
				ASSETCATALOG_COMPILER_GLOBAL_ACCENT_COLOR_NAME = AccentColor;
				CODE_SIGN_STYLE = Automatic;
				CURRENT_PROJECT_VERSION = 1;
				DEVELOPMENT_TEAM = 6X89GQD8QJ;
				GENERATE_INFOPLIST_FILE = YES;
				INFOPLIST_FILE = "火柴游戏/Info.plist";
				INFOPLIST_KEY_UIApplicationSupportsIndirectInputEvents = YES;
				INFOPLIST_KEY_UILaunchStoryboardName = LaunchScreen;
				INFOPLIST_KEY_UIMainStoryboardFile = Main;
				INFOPLIST_KEY_UISupportedInterfaceOrientations_iPad = "UIInterfaceOrientationPortrait UIInterfaceOrientationPortraitUpsideDown UIInterfaceOrientationLandscapeLeft UIInterfaceOrientationLandscapeRight";
				INFOPLIST_KEY_UISupportedInterfaceOrientations_iPhone = "UIInterfaceOrientationPortrait UIInterfaceOrientationLandscapeLeft UIInterfaceOrientationLandscapeRight";
				LD_RUNPATH_SEARCH_PATHS = (
					"$(inherited)",
					"@executable_path/Frameworks",
				);
				MARKETING_VERSION = 1.0;
				PRODUCT_BUNDLE_IDENTIFIER = com.lg.huochai8;
				PRODUCT_NAME = "$(TARGET_NAME)";
				STRING_CATALOG_GENERATE_SYMBOLS = YES;
				SWIFT_APPROACHABLE_CONCURRENCY = YES;
				SWIFT_DEFAULT_ACTOR_ISOLATION = MainActor;
				SWIFT_EMIT_LOC_STRINGS = YES;
				SWIFT_UPCOMING_FEATURE_MEMBER_IMPORT_VISIBILITY = YES;
				SWIFT_VERSION = 5.0;
				TARGETED_DEVICE_FAMILY = "1,2";
			};
			name = Release;
		};
		4EBA08AE2F77BBB600DD79E9 /* Debug */ = {
			isa = XCBuildConfiguration;
			buildSettings = {
				ALWAYS_SEARCH_USER_PATHS = NO;
				ASSETCATALOG_COMPILER_GENERATE_SWIFT_ASSET_SYMBOL_EXTENSIONS = YES;
				CLANG_ANALYZER_NONNULL = YES;
				CLANG_ANALYZER_NUMBER_OBJECT_CONVERSION = YES_AGGRESSIVE;
				CLANG_CXX_LANGUAGE_STANDARD = "gnu++20";
				CLANG_ENABLE_MODULES = YES;
				CLANG_ENABLE_OBJC_ARC = YES;
				CLANG_ENABLE_OBJC_WEAK = YES;
				CLANG_WARN_BLOCK_CAPTURE_AUTORELEASING = YES;
				CLANG_WARN_BOOL_CONVERSION = YES;
				CLANG_WARN_COMMA = YES;
				CLANG_WARN_CONSTANT_CONVERSION = YES;
				CLANG_WARN_DEPRECATED_OBJC_IMPLEMENTATIONS = YES;
				CLANG_WARN_DIRECT_OBJC_ISA_USAGE = YES_ERROR;
				CLANG_WARN_DOCUMENTATION_COMMENTS = YES;
				CLANG_WARN_EMPTY_BODY = YES;
				CLANG_WARN_ENUM_CONVERSION = YES;
				CLANG_WARN_INFINITE_RECURSION = YES;
				CLANG_WARN_INT_CONVERSION = YES;
				CLANG_WARN_NON_LITERAL_NULL_CONVERSION = YES;
				CLANG_WARN_OBJC_IMPLICIT_RETAIN_SELF = YES;
				CLANG_WARN_OBJC_LITERAL_CONVERSION = YES;
				CLANG_WARN_OBJC_ROOT_CLASS = YES_ERROR;
				CLANG_WARN_QUOTED_INCLUDE_IN_FRAMEWORK_HEADER = YES;
				CLANG_WARN_RANGE_LOOP_ANALYSIS = YES;
				CLANG_WARN_STRICT_PROTOTYPES = YES;
				CLANG_WARN_SUSPICIOUS_MOVE = YES;
				CLANG_WARN_UNGUARDED_AVAILABILITY = YES_AGGRESSIVE;
				CLANG_WARN_UNREACHABLE_CODE = YES;
				CLANG_WARN__DUPLICATE_METHOD_MATCH = YES;
				COPY_PHASE_STRIP = NO;
				DEBUG_INFORMATION_FORMAT = dwarf;
				ENABLE_STRICT_OBJC_MSGSEND = YES;
				ENABLE_TESTABILITY = YES;
				ENABLE_USER_SCRIPT_SANDBOXING = YES;
				GCC_C_LANGUAGE_STANDARD = gnu17;
				GCC_DYNAMIC_NO_PIC = NO;
				GCC_NO_COMMON_BLOCKS = YES;
				GCC_OPTIMIZATION_LEVEL = 0;
				GCC_PREPROCESSOR_DEFINITIONS = (
					"DEBUG=1",
					"$(inherited)",
				);
				GCC_WARN_64_TO_32_BIT_CONVERSION = YES;
				GCC_WARN_ABOUT_RETURN_TYPE = YES_ERROR;
				GCC_WARN_UNDECLARED_SELECTOR = YES;
				GCC_WARN_UNINITIALIZED_AUTOS = YES_AGGRESSIVE;
				GCC_WARN_UNUSED_FUNCTION = YES;
				GCC_WARN_UNUSED_VARIABLE = YES;
				IPHONEOS_DEPLOYMENT_TARGET = 26.2;
				LOCALIZATION_PREFERS_STRING_CATALOGS = YES;
				MTL_ENABLE_DEBUG_INFO = INCLUDE_SOURCE;
				MTL_FAST_MATH = YES;
				ONLY_ACTIVE_ARCH = YES;
				SDKROOT = iphoneos;
				SWIFT_ACTIVE_COMPILATION_CONDITIONS = "DEBUG $(inherited)";
				SWIFT_OPTIMIZATION_LEVEL = "-Onone";
			};
			name = Debug;
		};
		4EBA08AF2F77BBB600DD79E9 /* Release */ = {
			isa = XCBuildConfiguration;
			buildSettings = {
				ALWAYS_SEARCH_USER_PATHS = NO;
				ASSETCATALOG_COMPILER_GENERATE_SWIFT_ASSET_SYMBOL_EXTENSIONS = YES;
				CLANG_ANALYZER_NONNULL = YES;
				CLANG_ANALYZER_NUMBER_OBJECT_CONVERSION = YES_AGGRESSIVE;
				CLANG_CXX_LANGUAGE_STANDARD = "gnu++20";
				CLANG_ENABLE_MODULES = YES;
				CLANG_ENABLE_OBJC_ARC = YES;
				CLANG_ENABLE_OBJC_WEAK = YES;
				CLANG_WARN_BLOCK_CAPTURE_AUTORELEASING = YES;
				CLANG_WARN_BOOL_CONVERSION = YES;
				CLANG_WARN_COMMA = YES;
				CLANG_WARN_CONSTANT_CONVERSION = YES;
				CLANG_WARN_DEPRECATED_OBJC_IMPLEMENTATIONS = YES;
				CLANG_WARN_DIRECT_OBJC_ISA_USAGE = YES_ERROR;
				CLANG_WARN_DOCUMENTATION_COMMENTS = YES;
				CLANG_WARN_EMPTY_BODY = YES;
				CLANG_WARN_ENUM_CONVERSION = YES;
				CLANG_WARN_INFINITE_RECURSION = YES;
				CLANG_WARN_INT_CONVERSION = YES;
				CLANG_WARN_NON_LITERAL_NULL_CONVERSION = YES;
				CLANG_WARN_OBJC_IMPLICIT_RETAIN_SELF = YES;
				CLANG_WARN_OBJC_LITERAL_CONVERSION = YES;
				CLANG_WARN_OBJC_ROOT_CLASS = YES_ERROR;
				CLANG_WARN_QUOTED_INCLUDE_IN_FRAMEWORK_HEADER = YES;
				CLANG_WARN_RANGE_LOOP_ANALYSIS = YES;
				CLANG_WARN_STRICT_PROTOTYPES = YES;
				CLANG_WARN_SUSPICIOUS_MOVE = YES;
				CLANG_WARN_UNGUARDED_AVAILABILITY = YES_AGGRESSIVE;
				CLANG_WARN_UNREACHABLE_CODE = YES;
				CLANG_WARN__DUPLICATE_METHOD_MATCH = YES;
				COPY_PHASE_STRIP = NO;
				DEBUG_INFORMATION_FORMAT = "dwarf-with-dsym";
				ENABLE_NS_ASSERTIONS = NO;
				ENABLE_STRICT_OBJC_MSGSEND = YES;
				ENABLE_USER_SCRIPT_SANDBOXING = YES;
				GCC_C_LANGUAGE_STANDARD = gnu17;
				GCC_NO_COMMON_BLOCKS = YES;
				GCC_WARN_64_TO_32_BIT_CONVERSION = YES;
				GCC_WARN_ABOUT_RETURN_TYPE = YES_ERROR;
				GCC_WARN_UNDECLARED_SELECTOR = YES;
				GCC_WARN_UNINITIALIZED_AUTOS = YES_AGGRESSIVE;
				GCC_WARN_UNUSED_FUNCTION = YES;
				GCC_WARN_UNUSED_VARIABLE = YES;
				IPHONEOS_DEPLOYMENT_TARGET = 26.2;
				LOCALIZATION_PREFERS_STRING_CATALOGS = YES;
				MTL_ENABLE_DEBUG_INFO = NO;
				MTL_FAST_MATH = YES;
				SDKROOT = iphoneos;
				SWIFT_COMPILATION_MODE = wholemodule;
				VALIDATE_PRODUCT = YES;
			};
			name = Release;
		};
		4EBA08B12F77BBB600DD79E9 /* Debug */ = {
			isa = XCBuildConfiguration;
			buildSettings = {
				BUNDLE_LOADER = "$(TEST_HOST)";
				CODE_SIGN_STYLE = Automatic;
				CURRENT_PROJECT_VERSION = 1;
				GENERATE_INFOPLIST_FILE = YES;
				IPHONEOS_DEPLOYMENT_TARGET = 26.2;
				MARKETING_VERSION = 1.0;
				PRODUCT_BUNDLE_IDENTIFIER = "com.lg.huochai.----Tests";
				PRODUCT_NAME = "$(TARGET_NAME)";
				STRING_CATALOG_GENERATE_SYMBOLS = NO;
				SWIFT_APPROACHABLE_CONCURRENCY = YES;
				SWIFT_EMIT_LOC_STRINGS = NO;
				SWIFT_UPCOMING_FEATURE_MEMBER_IMPORT_VISIBILITY = YES;
				SWIFT_VERSION = 5.0;
				TARGETED_DEVICE_FAMILY = "1,2";
				TEST_HOST = "$(BUILT_PRODUCTS_DIR)/火柴游戏.app/$(BUNDLE_EXECUTABLE_FOLDER_PATH)/火柴游戏";
			};
			name = Debug;
		};
		4EBA08B22F77BBB600DD79E9 /* Release */ = {
			isa = XCBuildConfiguration;
			buildSettings = {
				BUNDLE_LOADER = "$(TEST_HOST)";
				CODE_SIGN_STYLE = Automatic;
				CURRENT_PROJECT_VERSION = 1;
				GENERATE_INFOPLIST_FILE = YES;
				IPHONEOS_DEPLOYMENT_TARGET = 26.2;
				MARKETING_VERSION = 1.0;
				PRODUCT_BUNDLE_IDENTIFIER = "com.lg.huochai.----Tests";
				PRODUCT_NAME = "$(TARGET_NAME)";
				STRING_CATALOG_GENERATE_SYMBOLS = NO;
				SWIFT_APPROACHABLE_CONCURRENCY = YES;
				SWIFT_EMIT_LOC_STRINGS = NO;
				SWIFT_UPCOMING_FEATURE_MEMBER_IMPORT_VISIBILITY = YES;
				SWIFT_VERSION = 5.0;
				TARGETED_DEVICE_FAMILY = "1,2";
				TEST_HOST = "$(BUILT_PRODUCTS_DIR)/火柴游戏.app/$(BUNDLE_EXECUTABLE_FOLDER_PATH)/火柴游戏";
			};
			name = Release;
		};
		4EBA08B42F77BBB600DD79E9 /* Debug */ = {
			isa = XCBuildConfiguration;
			buildSettings = {
				CODE_SIGN_STYLE = Automatic;
				CURRENT_PROJECT_VERSION = 1;
				GENERATE_INFOPLIST_FILE = YES;
				MARKETING_VERSION = 1.0;
				PRODUCT_BUNDLE_IDENTIFIER = "com.lg.huochai.----UITests";
				PRODUCT_NAME = "$(TARGET_NAME)";
				STRING_CATALOG_GENERATE_SYMBOLS = NO;
				SWIFT_APPROACHABLE_CONCURRENCY = YES;
				SWIFT_EMIT_LOC_STRINGS = NO;
				SWIFT_UPCOMING_FEATURE_MEMBER_IMPORT_VISIBILITY = YES;
				SWIFT_VERSION = 5.0;
				TARGETED_DEVICE_FAMILY = "1,2";
				TEST_TARGET_NAME = "火柴游戏";
			};
			name = Debug;
		};
		4EBA08B52F77BBB600DD79E9 /* Release */ = {
			isa = XCBuildConfiguration;
			buildSettings = {
				CODE_SIGN_STYLE = Automatic;
				CURRENT_PROJECT_VERSION = 1;
				GENERATE_INFOPLIST_FILE = YES;
				MARKETING_VERSION = 1.0;
				PRODUCT_BUNDLE_IDENTIFIER = "com.lg.huochai.----UITests";
				PRODUCT_NAME = "$(TARGET_NAME)";
				STRING_CATALOG_GENERATE_SYMBOLS = NO;
				SWIFT_APPROACHABLE_CONCURRENCY = YES;
				SWIFT_EMIT_LOC_STRINGS = NO;
				SWIFT_UPCOMING_FEATURE_MEMBER_IMPORT_VISIBILITY = YES;
				SWIFT_VERSION = 5.0;
				TARGETED_DEVICE_FAMILY = "1,2";
				TEST_TARGET_NAME = "火柴游戏";
			};
			name = Release;
		};
/* End XCBuildConfiguration section */

/* Begin XCConfigurationList section */
		4EBA087D2F77BBB200DD79E9 /* Build configuration list for PBXProject "火柴游戏" */ = {
			isa = XCConfigurationList;
			buildConfigurations = (
				4EBA08AE2F77BBB600DD79E9 /* Debug */,
				4EBA08AF2F77BBB600DD79E9 /* Release */,
			);
			defaultConfigurationIsVisible = 0;
			defaultConfigurationName = Release;
		};
		4EBA08AB2F77BBB600DD79E9 /* Build configuration list for PBXNativeTarget "火柴游戏" */ = {
			isa = XCConfigurationList;
			buildConfigurations = (
				4EBA08AC2F77BBB600DD79E9 /* Debug */,
				4EBA08AD2F77BBB600DD79E9 /* Release */,
			);
			defaultConfigurationIsVisible = 0;
			defaultConfigurationName = Release;
		};
		4EBA08B02F77BBB600DD79E9 /* Build configuration list for PBXNativeTarget "火柴游戏Tests" */ = {
			isa = XCConfigurationList;
			buildConfigurations = (
				4EBA08B12F77BBB600DD79E9 /* Debug */,
				4EBA08B22F77BBB600DD79E9 /* Release */,
			);
			defaultConfigurationIsVisible = 0;
			defaultConfigurationName = Release;
		};
		4EBA08B32F77BBB600DD79E9 /* Build configuration list for PBXNativeTarget "火柴游戏UITests" */ = {
			isa = XCConfigurationList;
			buildConfigurations = (
				4EBA08B42F77BBB600DD79E9 /* Debug */,
				4EBA08B52F77BBB600DD79E9 /* Release */,
			);
			defaultConfigurationIsVisible = 0;
			defaultConfigurationName = Release;
		};
/* End XCConfigurationList section */
	};
	rootObject = 4EBA087A2F77BBB200DD79E9 /* Project object */;
}
